
Microsoft Visual Studio Solution File, Format Version 12.00
# Visual Studio Version 17
VisualStudioVersion = 17.3.32929.385
MinimumVisualStudioVersion = 10.0.40219.1
Project("{FAE04EC0-301F-11D3-BF4B-00C04F79EFBC}") = "MovieCatalog.API", "MovieCatalog.API\MovieCatalog.API.csproj", "{EAD6B4C3-BCD6-46A6-8D03-DCC6C7419046}"
EndProject
Global
	GlobalSection(SolutionConfigurationPlatforms) = preSolution
		Debug|Any CPU = Debug|Any CPU
		Release|Any CPU = Release|Any CPU
	EndGlobalSection
	GlobalSection(ProjectConfigurationPlatforms) = postSolution
		{EAD6B4C3-BCD6-46A6-8D03-DCC6C7419046}.Debug|Any CPU.ActiveCfg = Debug|Any CPU
		{EAD6B4C3-BCD6-46A6-8D03-DCC6C7419046}.Debug|Any CPU.Build.0 = Debug|Any CPU
		{EAD6B4C3-BCD6-46A6-8D03-DCC6C7419046}.Release|Any CPU.ActiveCfg = Release|Any CPU
		{EAD6B4C3-BCD6-46A6-8D03-DCC6C7419046}.Release|Any CPU.Build.0 = Release|Any CPU
	EndGlobalSection
	GlobalSection(SolutionProperties) = preSolution
		HideSolutionNode = FALSE
	EndGlobalSection
	GlobalSection(ExtensibilityGlobals) = postSolution
		SolutionGuid = {4E401FBF-69CE-4B8A-A1DE-47BE66906E61}
	EndGlobalSection
EndGlobal
